Microsoft Visual Studio Solution File, Format Version 12.00
# Visual Studio 2012
VisualStudioVersion = 12.0.0.0
MinimumVisualStudioVersion = 10.0.0.1
Project("{FAE04EC0-301F-11D3-BF4B-00C04F79EFBC}") = "Segment.PublicApi", "src\Segment.PublicApi\Segment.PublicApi.csproj", "{AD14F90F-489C-4680-82C2-8B7043C8BA92}"
EndProject
Global
	GlobalSection(SolutionConfigurationPlatforms) = preSolution
		Debug|Any CPU = Debug|Any CPU
		Release|Any CPU = Release|Any CPU
	EndGlobalSection
	GlobalSection(ProjectConfigurationPlatforms) = postSolution
		{AD14F90F-489C-4680-82C2-8B7043C8BA92}.Debug|Any CPU.ActiveCfg = Debug|Any CPU
		{AD14F90F-489C-4680-82C2-8B7043C8BA92}.Debug|Any CPU.Build.0 = Debug|Any CPU
		{AD14F90F-489C-4680-82C2-8B7043C8BA92}.Release|Any CPU.ActiveCfg = Release|Any CPU
		{AD14F90F-489C-4680-82C2-8B7043C8BA92}.Release|Any CPU.Build.0 = Release|Any CPU
	EndGlobalSection
	GlobalSection(SolutionProperties) = preSolution
		HideSolutionNode = FALSE
	EndGlobalSection
EndGlobal
